
Microsoft Visual Studio Solution File, Format Version 12.00
# Visual Studio 15
VisualStudioVersion = 15.0.27004.2006
MinimumVisualStudioVersion = 10.0.40219.1
Project("{FAE04EC0-301F-11D3-BF4B-00C04F79EFBC}") = "OnTap2", "OnTap2\OnTap2\OnTap2.csproj", "{D638E66B-F7D0-4359-854E-6A656203C09A}"
EndProject
Project("{FAE04EC0-301F-11D3-BF4B-00C04F79EFBC}") = "OnTap2.Droid", "OnTap2\OnTap2.Droid\OnTap2.Droid.csproj", "{ABE76F74-B160-4D9A-9825-39B33D1AB57D}"
EndProject
Project("{FAE04EC0-301F-11D3-BF4B-00C04F79EFBC}") = "OnTap2.iOS", "OnTap2\OnTap2.iOS\OnTap2.iOS.csproj", "{BFF8970D-D368-46D2-BC5F-826037B376E4}"
EndProject
Project("{FAE04EC0-301F-11D3-BF4B-00C04F79EFBC}") = "OnTap2.UWP", "OnTap2\OnTap2.UWP\OnTap2.UWP.csproj", "{6823B6EE-3CEA-46E1-8168-5AAB75E2ECB9}"
EndProject
Global
	GlobalSection(SolutionConfigurationPlatforms) = preSolution
		Ad-Hoc|Any CPU = Ad-Hoc|Any CPU
		Ad-Hoc|ARM = Ad-Hoc|ARM
		Ad-Hoc|iPhone = Ad-Hoc|iPhone
		Ad-Hoc|iPhoneSimulator = Ad-Hoc|iPhoneSimulator
		Ad-Hoc|x64 = Ad-Hoc|x64
		Ad-Hoc|x86 = Ad-Hoc|x86
		AppStore|Any CPU = AppStore|Any CPU
		AppStore|ARM = AppStore|ARM
		AppStore|iPhone = AppStore|iPhone
		AppStore|iPhoneSimulator = AppStore|iPhoneSimulator
		AppStore|x64 = AppStore|x64
		AppStore|x86 = AppStore|x86
		Debug|Any CPU = Debug|Any CPU
		Debug|ARM = Debug|ARM
		Debug|iPhone = Debug|iPhone
		Debug|iPhoneSimulator = Debug|iPhoneSimulator
		Debug|x64 = Debug|x64
		Debug|x86 = Debug|x86
		Release|Any CPU = Release|Any CPU
		Release|ARM = Release|ARM
		Release|iPhone = Release|iPhone
		Release|iPhoneSimulator = Release|iPhoneSimulator
		Release|x64 = Release|x64
		Release|x86 = Release|x86
	EndGlobalSection
	GlobalSection(ProjectConfigurationPlatforms) = postSolution
		{D638E66B-F7D0-4359-854E-6A656203C09A}.Ad-Hoc|Any CPU.ActiveCfg = Release|Any CPU
		{D638E66B-F7D0-4359-854E-6A656203C09A}.Ad-Hoc|Any CPU.Build.0 = Release|Any CPU
		{D638E66B-F7D0-4359-854E-6A656203C09A}.Ad-Hoc|ARM.ActiveCfg = Release|Any CPU
		{D638E66B-F7D0-4359-854E-6A656203C09A}.Ad-Hoc|ARM.Build.0 = Release|Any CPU
		{D638E66B-F7D0-4359-854E-6A656203C09A}.Ad-Hoc|iPhone.ActiveCfg = Release|Any CPU
		{D638E66B-F7D0-4359-854E-6A656203C09A}.Ad-Hoc|iPhone.Build.0 = Release|Any CPU
		{D638E66B-F7D0-4359-854E-6A656203C09A}.Ad-Hoc|iPhoneSimulator.ActiveCfg = Release|Any CPU
		{D638E66B-F7D0-4359-854E-6A656203C09A}.Ad-Hoc|iPhoneSimulator.Build.0 = Release|Any CPU
		{D638E66B-F7D0-4359-854E-6A656203C09A}.Ad-Hoc|x64.ActiveCfg = Release|Any CPU
		{D638E66B-F7D0-4359-854E-6A656203C09A}.Ad-Hoc|x64.Build.0 = Release|Any CPU
		{D638E66B-F7D0-4359-854E-6A656203C09A}.Ad-Hoc|x86.ActiveCfg = Release|Any CPU
		{D638E66B-F7D0-4359-854E-6A656203C09A}.Ad-Hoc|x86.Build.0 = Release|Any CPU
		{D638E66B-F7D0-4359-854E-6A656203C09A}.AppStore|Any CPU.ActiveCfg = Release|Any CPU
		{D638E66B-F7D0-4359-854E-6A656203C09A}.AppStore|Any CPU.Build.0 = Release|Any CPU
		{D638E66B-F7D0-4359-854E-6A656203C09A}.AppStore|ARM.ActiveCfg = Release|Any CPU
		{D638E66B-F7D0-4359-854E-6A656203C09A}.AppStore|ARM.Build.0 = Release|Any CPU
		{D638E66B-F7D0-4359-854E-6A656203C09A}.AppStore|iPhone.ActiveCfg = Release|Any CPU
		{D638E66B-F7D0-4359-854E-6A656203C09A}.AppStore|iPhone.Build.0 = Release|Any CPU
		{D638E66B-F7D0-4359-854E-6A656203C09A}.AppStore|iPhoneSimulator.ActiveCfg = Release|Any CPU
		{D638E66B-F7D0-4359-854E-6A656203C09A}.AppStore|iPhoneSimulator.Build.0 = Release|Any CPU
		{D638E66B-F7D0-4359-854E-6A656203C09A}.AppStore|x64.ActiveCfg = Release|Any CPU
		{D638E66B-F7D0-4359-854E-6A656203C09A}.AppStore|x64.Build.0 = Release|Any CPU
		{D638E66B-F7D0-4359-854E-6A656203C09A}.AppStore|x86.ActiveCfg = Release|Any CPU
		{D638E66B-F7D0-4359-854E-6A656203C09A}.AppStore|x86.Build.0 = Release|Any CPU
		{D638E66B-F7D0-4359-854E-6A656203C09A}.Debug|Any CPU.ActiveCfg = Debug|Any CPU
		{D638E66B-F7D0-4359-854E-6A656203C09A}.Debug|Any CPU.Build.0 = Debug|Any CPU
		{D638E66B-F7D0-4359-854E-6A656203C09A}.Debug|ARM.ActiveCfg = Debug|Any CPU
		{D638E66B-F7D0-4359-854E-6A656203C09A}.Debug|ARM.Build.0 = Debug|Any CPU
		{D638E66B-F7D0-4359-854E-6A656203C09A}.Debug|iPhone.ActiveCfg = Debug|Any CPU
		{D638E66B-F7D0-4359-854E-6A656203C09A}.Debug|iPhone.Build.0 = Debug|Any CPU
		{D638E66B-F7D0-4359-854E-6A656203C09A}.Debug|iPhoneSimulator.ActiveCfg = Debug|Any CPU
		{D638E66B-F7D0-4359-854E-6A656203C09A}.Debug|iPhoneSimulator.Build.0 = Debug|Any CPU
		{D638E66B-F7D0-4359-854E-6A656203C09A}.Debug|x64.ActiveCfg = Debug|Any CPU
		{D638E66B-F7D0-4359-854E-6A656203C09A}.Debug|x64.Build.0 = Debug|Any CPU
		{D638E66B-F7D0-4359-854E-6A656203C09A}.Debug|x86.ActiveCfg = Debug|Any CPU
		{D638E66B-F7D0-4359-854E-6A656203C09A}.Debug|x86.Build.0 = Debug|Any CPU
		{D638E66B-F7D0-4359-854E-6A656203C09A}.Release|Any CPU.ActiveCfg = Release|Any CPU
		{D638E66B-F7D0-4359-854E-6A656203C09A}.Release|Any CPU.Build.0 = Release|Any CPU
		{D638E66B-F7D0-4359-854E-6A656203C09A}.Release|ARM.ActiveCfg = Release|Any CPU
		{D638E66B-F7D0-4359-854E-6A656203C09A}.Release|ARM.Build.0 = Release|Any CPU
		{D638E66B-F7D0-4359-854E-6A656203C09A}.Release|iPhone.ActiveCfg = Release|Any CPU
		{D638E66B-F7D0-4359-854E-6A656203C09A}.Release|iPhone.Build.0 = Release|Any CPU
		{D638E66B-F7D0-4359-854E-6A656203C09A}.Release|iPhoneSimulator.ActiveCfg = Release|Any CPU
		{D638E66B-F7D0-4359-854E-6A656203C09A}.Release|iPhoneSimulator.Build.0 = Release|Any CPU
		{D638E66B-F7D0-4359-854E-6A656203C09A}.Release|x64.ActiveCfg = Release|Any CPU
		{D638E66B-F7D0-4359-854E-6A656203C09A}.Release|x64.Build.0 = Release|Any CPU
		{D638E66B-F7D0-4359-854E-6A656203C09A}.Release|x86.ActiveCfg = Release|Any CPU
		{D638E66B-F7D0-4359-854E-6A656203C09A}.Release|x86.Build.0 = Release|Any CPU
		{ABE76F74-B160-4D9A-9825-39B33D1AB57D}.Ad-Hoc|Any CPU.ActiveCfg = Release|Any CPU
		{ABE76F74-B160-4D9A-9825-39B33D1AB57D}.Ad-Hoc|Any CPU.Build.0 = Release|Any CPU
		{ABE76F74-B160-4D9A-9825-39B33D1AB57D}.Ad-Hoc|Any CPU.Deploy.0 = Release|Any CPU
		{ABE76F74-B160-4D9A-9825-39B33D1AB57D}.Ad-Hoc|ARM.ActiveCfg = Release|Any CPU
		{ABE76F74-B160-4D9A-9825-39B33D1AB57D}.Ad-Hoc|ARM.Build.0 = Release|Any CPU
		{ABE76F74-B160-4D9A-9825-39B33D1AB57D}.Ad-Hoc|ARM.Deploy.0 = Release|Any CPU
		{ABE76F74-B160-4D9A-9825-39B33D1AB57D}.Ad-Hoc|iPhone.ActiveCfg = Release|Any CPU
		{ABE76F74-B160-4D9A-9825-39B33D1AB57D}.Ad-Hoc|iPhone.Build.0 = Release|Any CPU
		{ABE76F74-B160-4D9A-9825-39B33D1AB57D}.Ad-Hoc|iPhone.Deploy.0 = Release|Any CPU
		{ABE76F74-B160-4D9A-9825-39B33D1AB57D}.Ad-Hoc|iPhoneSimulator.ActiveCfg = Release|Any CPU
		{ABE76F74-B160-4D9A-9825-39B33D1AB57D}.Ad-Hoc|iPhoneSimulator.Build.0 = Release|Any CPU
		{ABE76F74-B160-4D9A-9825-39B33D1AB57D}.Ad-Hoc|iPhoneSimulator.Deploy.0 = Release|Any CPU
		{ABE76F74-B160-4D9A-9825-39B33D1AB57D}.Ad-Hoc|x64.ActiveCfg = Release|Any CPU
		{ABE76F74-B160-4D9A-9825-39B33D1AB57D}.Ad-Hoc|x64.Build.0 = Release|Any CPU
		{ABE76F74-B160-4D9A-9825-39B33D1AB57D}.Ad-Hoc|x64.Deploy.0 = Release|Any CPU
		{ABE76F74-B160-4D9A-9825-39B33D1AB57D}.Ad-Hoc|x86.ActiveCfg = Release|Any CPU
		{ABE76F74-B160-4D9A-9825-39B33D1AB57D}.Ad-Hoc|x86.Build.0 = Release|Any CPU
		{ABE76F74-B160-4D9A-9825-39B33D1AB57D}.Ad-Hoc|x86.Deploy.0 = Release|Any CPU
		{ABE76F74-B160-4D9A-9825-39B33D1AB57D}.AppStore|Any CPU.ActiveCfg = Release|Any CPU
		{ABE76F74-B160-4D9A-9825-39B33D1AB57D}.AppStore|Any CPU.Build.0 = Release|Any CPU
		{ABE76F74-B160-4D9A-9825-39B33D1AB57D}.AppStore|Any CPU.Deploy.0 = Release|Any CPU
		{ABE76F74-B160-4D9A-9825-39B33D1AB57D}.AppStore|ARM.ActiveCfg = Release|Any CPU
		{ABE76F74-B160-4D9A-9825-39B33D1AB57D}.AppStore|ARM.Build.0 = Release|Any CPU
		{ABE76F74-B160-4D9A-9825-39B33D1AB57D}.AppStore|ARM.Deploy.0 = Release|Any CPU
		{ABE76F74-B160-4D9A-9825-39B33D1AB57D}.AppStore|iPhone.ActiveCfg = Release|Any CPU
		{ABE76F74-B160-4D9A-9825-39B33D1AB57D}.AppStore|iPhone.Build.0 = Release|Any CPU
		{ABE76F74-B160-4D9A-9825-39B33D1AB57D}.AppStore|iPhone.Deploy.0 = Release|Any CPU
		{ABE76F74-B160-4D9A-9825-39B33D1AB57D}.AppStore|iPhoneSimulator.ActiveCfg = Release|Any CPU
		{ABE76F74-B160-4D9A-9825-39B33D1AB57D}.AppStore|iPhoneSimulator.Build.0 = Release|Any CPU
		{ABE76F74-B160-4D9A-9825-39B33D1AB57D}.AppStore|iPhoneSimulator.Deploy.0 = Release|Any CPU
		{ABE76F74-B160-4D9A-9825-39B33D1AB57D}.AppStore|x64.ActiveCfg = Release|Any CPU
		{ABE76F74-B160-4D9A-9825-39B33D1AB57D}.AppStore|x64.Build.0 = Release|Any CPU
		{ABE76F74-B160-4D9A-9825-39B33D1AB57D}.AppStore|x64.Deploy.0 = Release|Any CPU
		{ABE76F74-B160-4D9A-9825-39B33D1AB57D}.AppStore|x86.ActiveCfg = Release|Any CPU
		{ABE76F74-B160-4D9A-9825-39B33D1AB57D}.AppStore|x86.Build.0 = Release|Any CPU
		{ABE76F74-B160-4D9A-9825-39B33D1AB57D}.AppStore|x86.Deploy.0 = Release|Any CPU
		{ABE76F74-B160-4D9A-9825-39B33D1AB57D}.Debug|Any CPU.ActiveCfg = Debug|Any CPU
		{ABE76F74-B160-4D9A-9825-39B33D1AB57D}.Debug|Any CPU.Build.0 = Debug|Any CPU
		{ABE76F74-B160-4D9A-9825-39B33D1AB57D}.Debug|Any CPU.Deploy.0 = Debug|Any CPU
		{ABE76F74-B160-4D9A-9825-39B33D1AB57D}.Debug|ARM.ActiveCfg = Debug|Any CPU
		{ABE76F74-B160-4D9A-9825-39B33D1AB57D}.Debug|ARM.Build.0 = Debug|Any CPU
		{ABE76F74-B160-4D9A-9825-39B33D1AB57D}.Debug|ARM.Deploy.0 = Debug|Any CPU
		{ABE76F74-B160-4D9A-9825-39B33D1AB57D}.Debug|iPhone.ActiveCfg = Debug|Any CPU
		{ABE76F74-B160-4D9A-9825-39B33D1AB57D}.Debug|iPhone.Build.0 = Debug|Any CPU
		{ABE76F74-B160-4D9A-9825-39B33D1AB57D}.Debug|iPhone.Deploy.0 = Debug|Any CPU
		{ABE76F74-B160-4D9A-9825-39B33D1AB57D}.Debug|iPhoneSimulator.ActiveCfg = Debug|Any CPU
		{ABE76F74-B160-4D9A-9825-39B33D1AB57D}.Debug|iPhoneSimulator.Build.0 = Debug|Any CPU
		{ABE76F74-B160-4D9A-9825-39B33D1AB57D}.Debug|iPhoneSimulator.Deploy.0 = Debug|Any CPU
		{ABE76F74-B160-4D9A-9825-39B33D1AB57D}.Debug|x64.ActiveCfg = Debug|Any CPU
		{ABE76F74-B160-4D9A-9825-39B33D1AB57D}.Debug|x64.Build.0 = Debug|Any CPU
		{ABE76F74-B160-4D9A-9825-39B33D1AB57D}.Debug|x64.Deploy.0 = Debug|Any CPU
		{ABE76F74-B160-4D9A-9825-39B33D1AB57D}.Debug|x86.ActiveCfg = Debug|Any CPU
		{ABE76F74-B160-4D9A-9825-39B33D1AB57D}.Debug|x86.Build.0 = Debug|Any CPU
		{ABE76F74-B160-4D9A-9825-39B33D1AB57D}.Debug|x86.Deploy.0 = Debug|Any CPU
		{ABE76F74-B160-4D9A-9825-39B33D1AB57D}.Release|Any CPU.ActiveCfg = Release|Any CPU
		{ABE76F74-B160-4D9A-9825-39B33D1AB57D}.Release|Any CPU.Build.0 = Release|Any CPU
		{ABE76F74-B160-4D9A-9825-39B33D1AB57D}.Release|Any CPU.Deploy.0 = Release|Any CPU
		{ABE76F74-B160-4D9A-9825-39B33D1AB57D}.Release|ARM.ActiveCfg = Release|Any CPU
		{ABE76F74-B160-4D9A-9825-39B33D1AB57D}.Release|ARM.Build.0 = Release|Any CPU
		{ABE76F74-B160-4D9A-9825-39B33D1AB57D}.Release|ARM.Deploy.0 = Release|Any CPU
		{ABE76F74-B160-4D9A-9825-39B33D1AB57D}.Release|iPhone.ActiveCfg = Release|Any CPU
		{ABE76F74-B160-4D9A-9825-39B33D1AB57D}.Release|iPhone.Build.0 = Release|Any CPU
		{ABE76F74-B160-4D9A-9825-39B33D1AB57D}.Release|iPhone.Deploy.0 = Release|Any CPU
		{ABE76F74-B160-4D9A-9825-39B33D1AB57D}.Release|iPhoneSimulator.ActiveCfg = Release|Any CPU
		{ABE76F74-B160-4D9A-9825-39B33D1AB57D}.Release|iPhoneSimulator.Build.0 = Release|Any CPU
		{ABE76F74-B160-4D9A-9825-39B33D1AB57D}.Release|iPhoneSimulator.Deploy.0 = Release|Any CPU
		{ABE76F74-B160-4D9A-9825-39B33D1AB57D}.Release|x64.ActiveCfg = Release|Any CPU
		{ABE76F74-B160-4D9A-9825-39B33D1AB57D}.Release|x64.Build.0 = Release|Any CPU
		{ABE76F74-B160-4D9A-9825-39B33D1AB57D}.Release|x64.Deploy.0 = Release|Any CPU
		{ABE76F74-B160-4D9A-9825-39B33D1AB57D}.Release|x86.ActiveCfg = Release|Any CPU
		{ABE76F74-B160-4D9A-9825-39B33D1AB57D}.Release|x86.Build.0 = Release|Any CPU
		{ABE76F74-B160-4D9A-9825-39B33D1AB57D}.Release|x86.Deploy.0 = Release|Any CPU
		{BFF8970D-D368-46D2-BC5F-826037B376E4}.Ad-Hoc|Any CPU.ActiveCfg = Ad-Hoc|iPhone
		{BFF8970D-D368-46D2-BC5F-826037B376E4}.Ad-Hoc|ARM.ActiveCfg = Ad-Hoc|iPhone
		{BFF8970D-D368-46D2-BC5F-826037B376E4}.Ad-Hoc|iPhone.ActiveCfg = Ad-Hoc|iPhone
		{BFF8970D-D368-46D2-BC5F-826037B376E4}.Ad-Hoc|iPhone.Build.0 = Ad-Hoc|iPhone
		{BFF8970D-D368-46D2-BC5F-826037B376E4}.Ad-Hoc|iPhoneSimulator.ActiveCfg = Ad-Hoc|iPhoneSimulator
		{BFF8970D-D368-46D2-BC5F-826037B376E4}.Ad-Hoc|iPhoneSimulator.Build.0 = Ad-Hoc|iPhoneSimulator
		{BFF8970D-D368-46D2-BC5F-826037B376E4}.Ad-Hoc|x64.ActiveCfg = Ad-Hoc|iPhone
		{BFF8970D-D368-46D2-BC5F-826037B376E4}.Ad-Hoc|x86.ActiveCfg = Ad-Hoc|iPhone
		{BFF8970D-D368-46D2-BC5F-826037B376E4}.AppStore|Any CPU.ActiveCfg = AppStore|iPhone
		{BFF8970D-D368-46D2-BC5F-826037B376E4}.AppStore|ARM.ActiveCfg = AppStore|iPhone
		{BFF8970D-D368-46D2-BC5F-826037B376E4}.AppStore|iPhone.ActiveCfg = AppStore|iPhone
		{BFF8970D-D368-46D2-BC5F-826037B376E4}.AppStore|iPhone.Build.0 = AppStore|iPhone
		{BFF8970D-D368-46D2-BC5F-826037B376E4}.AppStore|iPhoneSimulator.ActiveCfg = AppStore|iPhoneSimulator
		{BFF8970D-D368-46D2-BC5F-826037B376E4}.AppStore|iPhoneSimulator.Build.0 = AppStore|iPhoneSimulator
		{BFF8970D-D368-46D2-BC5F-826037B376E4}.AppStore|x64.ActiveCfg = AppStore|iPhone
		{BFF8970D-D368-46D2-BC5F-826037B376E4}.AppStore|x86.ActiveCfg = AppStore|iPhone
		{BFF8970D-D368-46D2-BC5F-826037B376E4}.Debug|Any CPU.ActiveCfg = Debug|iPhone
		{BFF8970D-D368-46D2-BC5F-826037B376E4}.Debug|ARM.ActiveCfg = Debug|iPhone
		{BFF8970D-D368-46D2-BC5F-826037B376E4}.Debug|iPhone.ActiveCfg = Debug|iPhone
		{BFF8970D-D368-46D2-BC5F-826037B376E4}.Debug|iPhone.Build.0 = Debug|iPhone
		{BFF8970D-D368-46D2-BC5F-826037B376E4}.Debug|iPhoneSimulator.ActiveCfg = Debug|iPhoneSimulator
		{BFF8970D-D368-46D2-BC5F-826037B376E4}.Debug|iPhoneSimulator.Build.0 = Debug|iPhoneSimulator
		{BFF8970D-D368-46D2-BC5F-826037B376E4}.Debug|x64.ActiveCfg = Debug|iPhone
		{BFF8970D-D368-46D2-BC5F-826037B376E4}.Debug|x86.ActiveCfg = Debug|iPhone
		{BFF8970D-D368-46D2-BC5F-826037B376E4}.Release|Any CPU.ActiveCfg = Release|iPhone
		{BFF8970D-D368-46D2-BC5F-826037B376E4}.Release|ARM.ActiveCfg = Release|iPhone
		{BFF8970D-D368-46D2-BC5F-826037B376E4}.Release|iPhone.ActiveCfg = Release|iPhone
		{BFF8970D-D368-46D2-BC5F-826037B376E4}.Release|iPhone.Build.0 = Release|iPhone
		{BFF8970D-D368-46D2-BC5F-826037B376E4}.Release|iPhoneSimulator.ActiveCfg = Release|iPhoneSimulator
		{BFF8970D-D368-46D2-BC5F-826037B376E4}.Release|iPhoneSimulator.Build.0 = Release|iPhoneSimulator
		{BFF8970D-D368-46D2-BC5F-826037B376E4}.Release|x64.ActiveCfg = Release|iPhone
		{BFF8970D-D368-46D2-BC5F-826037B376E4}.Release|x86.ActiveCfg = Release|iPhone
		{6823B6EE-3CEA-46E1-8168-5AAB75E2ECB9}.Ad-Hoc|Any CPU.ActiveCfg = Release|x86
		{6823B6EE-3CEA-46E1-8168-5AAB75E2ECB9}.Ad-Hoc|Any CPU.Build.0 = Release|x86
		{6823B6EE-3CEA-46E1-8168-5AAB75E2ECB9}.Ad-Hoc|Any CPU.Deploy.0 = Release|x86
		{6823B6EE-3CEA-46E1-8168-5AAB75E2ECB9}.Ad-Hoc|ARM.ActiveCfg = Release|ARM
		{6823B6EE-3CEA-46E1-8168-5AAB75E2ECB9}.Ad-Hoc|ARM.Build.0 = Release|ARM
		{6823B6EE-3CEA-46E1-8168-5AAB75E2ECB9}.Ad-Hoc|ARM.Deploy.0 = Release|ARM
		{6823B6EE-3CEA-46E1-8168-5AAB75E2ECB9}.Ad-Hoc|iPhone.ActiveCfg = Release|x86
		{6823B6EE-3CEA-46E1-8168-5AAB75E2ECB9}.Ad-Hoc|iPhone.Build.0 = Release|x86
		{6823B6EE-3CEA-46E1-8168-5AAB75E2ECB9}.Ad-Hoc|iPhone.Deploy.0 = Release|x86
		{6823B6EE-3CEA-46E1-8168-5AAB75E2ECB9}.Ad-Hoc|iPhoneSimulator.ActiveCfg = Release|x86
		{6823B6EE-3CEA-46E1-8168-5AAB75E2ECB9}.Ad-Hoc|iPhoneSimulator.Build.0 = Release|x86
		{6823B6EE-3CEA-46E1-8168-5AAB75E2ECB9}.Ad-Hoc|iPhoneSimulator.Deploy.0 = Release|x86
		{6823B6EE-3CEA-46E1-8168-5AAB75E2ECB9}.Ad-Hoc|x64.ActiveCfg = Release|x64
		{6823B6EE-3CEA-46E1-8168-5AAB75E2ECB9}.Ad-Hoc|x64.Build.0 = Release|x64
		{6823B6EE-3CEA-46E1-8168-5AAB75E2ECB9}.Ad-Hoc|x64.Deploy.0 = Release|x64
		{6823B6EE-3CEA-46E1-8168-5AAB75E2ECB9}.Ad-Hoc|x86.ActiveCfg = Release|x86
		{6823B6EE-3CEA-46E1-8168-5AAB75E2ECB9}.Ad-Hoc|x86.Build.0 = Release|x86
		{6823B6EE-3CEA-46E1-8168-5AAB75E2ECB9}.Ad-Hoc|x86.Deploy.0 = Release|x86
		{6823B6EE-3CEA-46E1-8168-5AAB75E2ECB9}.AppStore|Any CPU.ActiveCfg = Release|x86
		{6823B6EE-3CEA-46E1-8168-5AAB75E2ECB9}.AppStore|Any CPU.Build.0 = Release|x86
		{6823B6EE-3CEA-46E1-8168-5AAB75E2ECB9}.AppStore|Any CPU.Deploy.0 = Release|x86
		{6823B6EE-3CEA-46E1-8168-5AAB75E2ECB9}.AppStore|ARM.ActiveCfg = Release|ARM
		{6823B6EE-3CEA-46E1-8168-5AAB75E2ECB9}.AppStore|ARM.Build.0 = Release|ARM
		{6823B6EE-3CEA-46E1-8168-5AAB75E2ECB9}.AppStore|ARM.Deploy.0 = Release|ARM
		{6823B6EE-3CEA-46E1-8168-5AAB75E2ECB9}.AppStore|iPhone.ActiveCfg = Release|x86
		{6823B6EE-3CEA-46E1-8168-5AAB75E2ECB9}.AppStore|iPhone.Build.0 = Release|x86
		{6823B6EE-3CEA-46E1-8168-5AAB75E2ECB9}.AppStore|iPhone.Deploy.0 = Release|x86
		{6823B6EE-3CEA-46E1-8168-5AAB75E2ECB9}.AppStore|iPhoneSimulator.ActiveCfg = Release|x86
		{6823B6EE-3CEA-46E1-8168-5AAB75E2ECB9}.AppStore|iPhoneSimulator.Build.0 = Release|x86
		{6823B6EE-3CEA-46E1-8168-5AAB75E2ECB9}.AppStore|iPhoneSimulator.Deploy.0 = Release|x86
		{6823B6EE-3CEA-46E1-8168-5AAB75E2ECB9}.AppStore|x64.ActiveCfg = Release|x64
		{6823B6EE-3CEA-46E1-8168-5AAB75E2ECB9}.AppStore|x64.Build.0 = Release|x64
		{6823B6EE-3CEA-46E1-8168-5AAB75E2ECB9}.AppStore|x64.Deploy.0 = Release|x64
		{6823B6EE-3CEA-46E1-8168-5AAB75E2ECB9}.AppStore|x86.ActiveCfg = Release|x86
		{6823B6EE-3CEA-46E1-8168-5AAB75E2ECB9}.AppStore|x86.Build.0 = Release|x86
		{6823B6EE-3CEA-46E1-8168-5AAB75E2ECB9}.AppStore|x86.Deploy.0 = Release|x86
		{6823B6EE-3CEA-46E1-8168-5AAB75E2ECB9}.Debug|Any CPU.ActiveCfg = Debug|x86
		{6823B6EE-3CEA-46E1-8168-5AAB75E2ECB9}.Debug|ARM.ActiveCfg = Debug|ARM
		{6823B6EE-3CEA-46E1-8168-5AAB75E2ECB9}.Debug|ARM.Build.0 = Debug|ARM
		{6823B6EE-3CEA-46E1-8168-5AAB75E2ECB9}.Debug|ARM.Deploy.0 = Debug|ARM
		{6823B6EE-3CEA-46E1-8168-5AAB75E2ECB9}.Debug|iPhone.ActiveCfg = Debug|x86
		{6823B6EE-3CEA-46E1-8168-5AAB75E2ECB9}.Debug|iPhoneSimulator.ActiveCfg = Debug|x86
		{6823B6EE-3CEA-46E1-8168-5AAB75E2ECB9}.Debug|x64.ActiveCfg = Debug|x64
		{6823B6EE-3CEA-46E1-8168-5AAB75E2ECB9}.Debug|x64.Build.0 = Debug|x64
		{6823B6EE-3CEA-46E1-8168-5AAB75E2ECB9}.Debug|x64.Deploy.0 = Debug|x64
		{6823B6EE-3CEA-46E1-8168-5AAB75E2ECB9}.Debug|x86.ActiveCfg = Debug|x86
		{6823B6EE-3CEA-46E1-8168-5AAB75E2ECB9}.Debug|x86.Build.0 = Debug|x86
		{6823B6EE-3CEA-46E1-8168-5AAB75E2ECB9}.Debug|x86.Deploy.0 = Debug|x86
		{6823B6EE-3CEA-46E1-8168-5AAB75E2ECB9}.Release|Any CPU.ActiveCfg = Release|x86
		{6823B6EE-3CEA-46E1-8168-5AAB75E2ECB9}.Release|ARM.ActiveCfg = Release|ARM
		{6823B6EE-3CEA-46E1-8168-5AAB75E2ECB9}.Release|ARM.Build.0 = Release|ARM
		{6823B6EE-3CEA-46E1-8168-5AAB75E2ECB9}.Release|ARM.Deploy.0 = Release|ARM
		{6823B6EE-3CEA-46E1-8168-5AAB75E2ECB9}.Release|iPhone.ActiveCfg = Release|x86
		{6823B6EE-3CEA-46E1-8168-5AAB75E2ECB9}.Release|iPhoneSimulator.ActiveCfg = Release|x86
		{6823B6EE-3CEA-46E1-8168-5AAB75E2ECB9}.Release|x64.ActiveCfg = Release|x64
		{6823B6EE-3CEA-46E1-8168-5AAB75E2ECB9}.Release|x64.Build.0 = Release|x64
		{6823B6EE-3CEA-46E1-8168-5AAB75E2ECB9}.Release|x64.Deploy.0 = Release|x64
		{6823B6EE-3CEA-46E1-8168-5AAB75E2ECB9}.Release|x86.ActiveCfg = Release|x86
		{6823B6EE-3CEA-46E1-8168-5AAB75E2ECB9}.Release|x86.Build.0 = Release|x86
		{6823B6EE-3CEA-46E1-8168-5AAB75E2ECB9}.Release|x86.Deploy.0 = Release|x86
	EndGlobalSection
	GlobalSection(SolutionProperties) = preSolution
		HideSolutionNode = FALSE
	EndGlobalSection
	GlobalSection(ExtensibilityGlobals) = postSolution
		SolutionGuid = {CFD6746A-303A-4641-BE37-47A1F559C56B}
	EndGlobalSection
EndGlobal
